
Microsoft Visual Studio Solution File, Format Version 12.00
# Visual Studio Version 16
VisualStudioVersion = 16.0.32106.194
MinimumVisualStudioVersion = 10.0.40219.1
Project("{9A19103F-16F7-4668-BE54-9A1E7A4F7556}") = "IDistributedCacheRedisApp.Web", "IDistributedCacheRedisApp.Web\IDistributedCacheRedisApp.Web.csproj", "{281577A4-2E27-4EE8-8A99-34E86DEB02A7}"
EndProject
Project("{9A19103F-16F7-4668-BE54-9A1E7A4F7556}") = "InMemoryApp.Web", "InMemoryApp.Web\InMemoryApp.Web.csproj", "{2EB6A609-718B-4D51-BD80-370BD3F33F03}"
EndProject
Project("{9A19103F-16F7-4668-BE54-9A1E7A4F7556}") = "RedisExchangeAPI.Web", "RedisExchangeAPI.Web\RedisExchangeAPI.Web.csproj", "{C637870C-C170-4C64-89CB-ED00155A42B6}"
EndProject
Global
	GlobalSection(SolutionConfigurationPlatforms) = preSolution
		Debug|Any CPU = Debug|Any CPU
		Release|Any CPU = Release|Any CPU
	EndGlobalSection
	GlobalSection(ProjectConfigurationPlatforms) = postSolution
		{281577A4-2E27-4EE8-8A99-34E86DEB02A7}.Debug|Any CPU.ActiveCfg = Debug|Any CPU
		{281577A4-2E27-4EE8-8A99-34E86DEB02A7}.Debug|Any CPU.Build.0 = Debug|Any CPU
		{281577A4-2E27-4EE8-8A99-34E86DEB02A7}.Release|Any CPU.ActiveCfg = Release|Any CPU
		{281577A4-2E27-4EE8-8A99-34E86DEB02A7}.Release|Any CPU.Build.0 = Release|Any CPU
		{2EB6A609-718B-4D51-BD80-370BD3F33F03}.Debug|Any CPU.ActiveCfg = Debug|Any CPU
		{2EB6A609-718B-4D51-BD80-370BD3F33F03}.Debug|Any CPU.Build.0 = Debug|Any CPU
		{2EB6A609-718B-4D51-BD80-370BD3F33F03}.Release|Any CPU.ActiveCfg = Release|Any CPU
		{2EB6A609-718B-4D51-BD80-370BD3F33F03}.Release|Any CPU.Build.0 = Release|Any CPU
		{C637870C-C170-4C64-89CB-ED00155A42B6}.Debug|Any CPU.ActiveCfg = Debug|Any CPU
		{C637870C-C170-4C64-89CB-ED00155A42B6}.Debug|Any CPU.Build.0 = Debug|Any CPU
		{C637870C-C170-4C64-89CB-ED00155A42B6}.Release|Any CPU.ActiveCfg = Release|Any CPU
		{C637870C-C170-4C64-89CB-ED00155A42B6}.Release|Any CPU.Build.0 = Release|Any CPU
	EndGlobalSection
	GlobalSection(SolutionProperties) = preSolution
		HideSolutionNode = FALSE
	EndGlobalSection
	GlobalSection(ExtensibilityGlobals) = postSolution
		SolutionGuid = {5EAF10BD-C511-41FD-A547-7E9B1DC0204E}
	EndGlobalSection
EndGlobal
